// !$*UTF8*$!
{
	archiveVersion = 1;
	classes = {
	};
	objectVersion = 56;
	objects = {

/* Begin PBXBuildFile section */
		3B766C9B29A3040700742BC9 /* loginViewApp.swift in Sources */ = {isa = PBXBuildFile; fileRef = 3B766C9A29A3040700742BC9 /* loginViewApp.swift */; };
		3B766C9D29A3040700742BC9 /* ContentView.swift in Sources */ = {isa = PBXBuildFile; fileRef = 3B766C9C29A3040700742BC9 /* ContentView.swift */; };
		3B766C9F29A3040700742BC9 /* Assets.xcassets in Resources */ = {isa = PBXBuildFile; fileRef = 3B766C9E29A3040700742BC9 /* Assets.xcassets */; };
		3B766CA329A3040700742BC9 /* Preview Assets.xcassets in Resources */ = {isa = PBXBuildFile; fileRef = 3B766CA229A3040700742BC9 /* Preview Assets.xcassets */; };
		3B766CAD29A3040800742BC9 /* loginViewTests.swift in Sources */ = {isa = PBXBuildFile; fileRef = 3B766CAC29A3040800742BC9 /* loginViewTests.swift */; };
		3B766CB729A3040800742BC9 /* loginViewUITests.swift in Sources */ = {isa = PBXBuildFile; fileRef = 3B766CB629A3040800742BC9 /* loginViewUITests.swift */; };
		3B766CB929A3040800742BC9 /* loginViewUITestsLaunchTests.swift in Sources */ = {isa = PBXBuildFile; fileRef = 3B766CB829A3040800742BC9 /* loginViewUITestsLaunchTests.swift */; };
/* End PBXBuildFile section */

/* Begin PBXContainerItemProxy section */
		3B766CA929A3040800742BC9 /* PBXContainerItemProxy */ = {
			isa = PBXContainerItemProxy;
			containerPortal = 3B766C8F29A3040700742BC9 /* Project object */;
			proxyType = 1;
			remoteGlobalIDString = 3B766C9629A3040700742BC9;
			remoteInfo = loginView;
		};
		3B766CB329A3040800742BC9 /* PBXContainerItemProxy */ = {
			isa = PBXContainerItemProxy;
			containerPortal = 3B766C8F29A3040700742BC9 /* Project object */;
			proxyType = 1;
			remoteGlobalIDString = 3B766C9629A3040700742BC9;
			remoteInfo = loginView;
		};
/* End PBXContainerItemProxy section */

/* Begin PBXFileReference section */
		3B766C9729A3040700742BC9 /* loginView.app */ = {isa = PBXFileReference; explicitFileType = wrapper.application; includeInIndex = 0; path = loginView.app; sourceTree = BUILT_PRODUCTS_DIR; };
		3B766C9A29A3040700742BC9 /* loginViewApp.swift */ = {isa = PBXFileReference; lastKnownFileType = sourcecode.swift; path = loginViewApp.swift; sourceTree = "<group>"; };
		3B766C9C29A3040700742BC9 /* ContentView.swift */ = {isa = PBXFileReference; lastKnownFileType = sourcecode.swift; path = ContentView.swift; sourceTree = "<group>"; };
		3B766C9E29A3040700742BC9 /* Assets.xcassets */ = {isa = PBXFileReference; lastKnownFileType = folder.assetcatalog; path = Assets.xcassets; sourceTree = "<group>"; };
		3B766CA029A3040700742BC9 /* loginView.entitlements */ = {isa = PBXFileReference; lastKnownFileType = text.plist.entitlements; path = loginView.entitlements; sourceTree = "<group>"; };
		3B766CA229A3040700742BC9 /* Preview Assets.xcassets */ = {isa = PBXFileReference; lastKnownFileType = folder.assetcatalog; path = "Preview Assets.xcassets"; sourceTree = "<group>"; };
		3B766CA829A3040800742BC9 /* loginViewTests.xctest */ = {isa = PBXFileReference; explicitFileType = wrapper.cfbundle; includeInIndex = 0; path = loginViewTests.xctest; sourceTree = BUILT_PRODUCTS_DIR; };
		3B766CAC29A3040800742BC9 /* loginViewTests.swift */ = {isa = PBXFileReference; lastKnownFileType = sourcecode.swift; path = loginViewTests.swift; sourceTree = "<group>"; };
		3B766CB229A3040800742BC9 /* loginViewUITests.xctest */ = {isa = PBXFileReference; explicitFileType = wrapper.cfbundle; includeInIndex = 0; path = loginViewUITests.xctest; sourceTree = BUILT_PRODUCTS_DIR; };
		3B766CB629A3040800742BC9 /* loginViewUITests.swift */ = {isa = PBXFileReference; lastKnownFileType = sourcecode.swift; path = loginViewUITests.swift; sourceTree = "<group>"; };
		3B766CB829A3040800742BC9 /* loginViewUITestsLaunchTests.swift */ = {isa = PBXFileReference; lastKnownFileType = sourcecode.swift; path = loginViewUITestsLaunchTests.swift; sourceTree = "<group>"; };
/* End PBXFileReference section */

/* Begin PBXFrameworksBuildPhase section */
		3B766C9429A3040700742BC9 /* Frameworks */ = {
			isa = PBXFrameworksBuildPhase;
			buildActionMask = 2147483647;
			files = (
			);
			runOnlyForDeploymentPostprocessing = 0;
		};
		3B766CA529A3040800742BC9 /* Frameworks */ = {
			isa = PBXFrameworksBuildPhase;
			buildActionMask = 2147483647;
			files = (
			);
			runOnlyForDeploymentPostprocessing = 0;
		};
		3B766CAF29A3040800742BC9 /* Frameworks */ = {
			isa = PBXFrameworksBuildPhase;
			buildActionMask = 2147483647;
			files = (
			);
			runOnlyForDeploymentPostprocessing = 0;
		};
/* End PBXFrameworksBuildPhase section */

/* Begin PBXGroup section */
		3B766C8E29A3040700742BC9 = {
			isa = PBXGroup;
			children = (
				3B766C9929A3040700742BC9 /* loginView */,
				3B766CAB29A3040800742BC9 /* loginViewTests */,
				3B766CB529A3040800742BC9 /* loginViewUITests */,
				3B766C9829A3040700742BC9 /* Products */,
			);
			sourceTree = "<group>";
		};
		3B766C9829A3040700742BC9 /* Products */ = {
			isa = PBXGroup;
			children = (
				3B766C9729A3040700742BC9 /* loginView.app */,
				3B766CA829A3040800742BC9 /* loginViewTests.xctest */,
				3B766CB229A3040800742BC9 /* loginViewUITests.xctest */,
			);
			name = Products;
			sourceTree = "<group>";
		};
		3B766C9929A3040700742BC9 /* loginView */ = {
			isa = PBXGroup;
			children = (
				3B766C9A29A3040700742BC9 /* loginViewApp.swift */,
				3B766C9C29A3040700742BC9 /* ContentView.swift */,
				3B766C9E29A3040700742BC9 /* Assets.xcassets */,
				3B766CA029A3040700742BC9 /* loginView.entitlements */,
				3B766CA129A3040700742BC9 /* Preview Content */,
			);
			path = loginView;
			sourceTree = "<group>";
		};
		3B766CA129A3040700742BC9 /* Preview Content */ = {
			isa = PBXGroup;
			children = (
				3B766CA229A3040700742BC9 /* Preview Assets.xcassets */,
			);
			path = "Preview Content";
			sourceTree = "<group>";
		};
		3B766CAB29A3040800742BC9 /* loginViewTests */ = {
			isa = PBXGroup;
			children = (
				3B766CAC29A3040800742BC9 /* loginViewTests.swift */,
			);
			path = loginViewTests;
			sourceTree = "<group>";
		};
		3B766CB529A3040800742BC9 /* loginViewUITests */ = {
			isa = PBXGroup;
			children = (
				3B766CB629A3040800742BC9 /* loginViewUITests.swift */,
				3B766CB829A3040800742BC9 /* loginViewUITestsLaunchTests.swift */,
			);
			path = loginViewUITests;
			sourceTree = "<group>";
		};
/* End PBXGroup section */

/* Begin PBXNativeTarget section */
		3B766C9629A3040700742BC9 /* loginView */ = {
			isa = PBXNativeTarget;
			buildConfigurationList = 3B766CBC29A3040800742BC9 /* Build configuration list for PBXNativeTarget "loginView" */;
			buildPhases = (
				3B766C9329A3040700742BC9 /* Sources */,
				3B766C9429A3040700742BC9 /* Frameworks */,
				3B766C9529A3040700742BC9 /* Resources */,
			);
			buildRules = (
			);
			dependencies = (
			);
			name = loginView;
			productName = loginView;
			productReference = 3B766C9729A3040700742BC9 /* loginView.app */;
			productType = "com.apple.product-type.application";
		};
		3B766CA729A3040800742BC9 /* loginViewTests */ = {
			isa = PBXNativeTarget;
			buildConfigurationList = 3B766CBF29A3040800742BC9 /* Build configuration list for PBXNativeTarget "loginViewTests" */;
			buildPhases = (
				3B766CA429A3040800742BC9 /* Sources */,
				3B766CA529A3040800742BC9 /* Frameworks */,
				3B766CA629A3040800742BC9 /* Resources */,
			);
			buildRules = (
			);
			dependencies = (
				3B766CAA29A3040800742BC9 /* PBXTargetDependency */,
			);
			name = loginViewTests;
			productName = loginViewTests;
			productReference = 3B766CA829A3040800742BC9 /* loginViewTests.xctest */;
			productType = "com.apple.product-type.bundle.unit-test";
		};
		3B766CB129A3040800742BC9 /* loginViewUITests */ = {
			isa = PBXNativeTarget;
			buildConfigurationList = 3B766CC229A3040800742BC9 /* Build configuration list for PBXNativeTarget "loginViewUITests" */;
			buildPhases = (
				3B766CAE29A3040800742BC9 /* Sources */,
				3B766CAF29A3040800742BC9 /* Frameworks */,
				3B766CB029A3040800742BC9 /* Resources */,
			);
			buildRules = (
			);
			dependencies = (
				3B766CB429A3040800742BC9 /* PBXTargetDependency */,
			);
			name = loginViewUITests;
			productName = loginViewUITests;
			productReference = 3B766CB229A3040800742BC9 /* loginViewUITests.xctest */;
			productType = "com.apple.product-type.bundle.ui-testing";
		};
/* End PBXNativeTarget section */

/* Begin PBXProject section */
		3B766C8F29A3040700742BC9 /* Project object */ = {
			isa = PBXProject;
			attributes = {
				BuildIndependentTargetsInParallel = 1;
				LastSwiftUpdateCheck = 1420;
				LastUpgradeCheck = 1420;
				TargetAttributes = {
					3B766C9629A3040700742BC9 = {
						CreatedOnToolsVersion = 14.2;
					};
					3B766CA729A3040800742BC9 = {
						CreatedOnToolsVersion = 14.2;
						TestTargetID = 3B766C9629A3040700742BC9;
					};
					3B766CB129A3040800742BC9 = {
						CreatedOnToolsVersion = 14.2;
						TestTargetID = 3B766C9629A3040700742BC9;
					};
				};
			};
			buildConfigurationList = 3B766C9229A3040700742BC9 /* Build configuration list for PBXProject "loginView" */;
			compatibilityVersion = "Xcode 14.0";
			developmentRegion = en;
			hasScannedForEncodings = 0;
			knownRegions = (
				en,
				Base,
			);
			mainGroup = 3B766C8E29A3040700742BC9;
			productRefGroup = 3B766C9829A3040700742BC9 /* Products */;
			projectDirPath = "";
			projectRoot = "";
			targets = (
				3B766C9629A3040700742BC9 /* loginView */,
				3B766CA729A3040800742BC9 /* loginViewTests */,
				3B766CB129A3040800742BC9 /* loginViewUITests */,
			);
		};
/* End PBXProject section */

/* Begin PBXResourcesBuildPhase section */
		3B766C9529A3040700742BC9 /* Resources */ = {
			isa = PBXResourcesBuildPhase;
			buildActionMask = 2147483647;
			files = (
				3B766CA329A3040700742BC9 /* Preview Assets.xcassets in Resources */,
				3B766C9F29A3040700742BC9 /* Assets.xcassets in Resources */,
			);
			runOnlyForDeploymentPostprocessing = 0;
		};
		3B766CA629A3040800742BC9 /* Resources */ = {
			isa = PBXResourcesBuildPhase;
			buildActionMask = 2147483647;
			files = (
			);
			runOnlyForDeploymentPostprocessing = 0;
		};
		3B766CB029A3040800742BC9 /* Resources */ = {
			isa = PBXResourcesBuildPhase;
			buildActionMask = 2147483647;
			files = (
			);
			runOnlyForDeploymentPostprocessing = 0;
		};
/* End PBXResourcesBuildPhase section */

/* Begin PBXSourcesBuildPhase section */
		3B766C9329A3040700742BC9 /* Sources */ = {
			isa = PBXSourcesBuildPhase;
			buildActionMask = 2147483647;
			files = (
				3B766C9D29A3040700742BC9 /* ContentView.swift in Sources */,
				3B766C9B29A3040700742BC9 /* loginViewApp.swift in Sources */,
			);
			runOnlyForDeploymentPostprocessing = 0;
		};
		3B766CA429A3040800742BC9 /* Sources */ = {
			isa = PBXSourcesBuildPhase;
			buildActionMask = 2147483647;
			files = (
				3B766CAD29A3040800742BC9 /* loginViewTests.swift in Sources */,
			);
			runOnlyForDeploymentPostprocessing = 0;
		};
		3B766CAE29A3040800742BC9 /* Sources */ = {
			isa = PBXSourcesBuildPhase;
			buildActionMask = 2147483647;
			files = (
				3B766CB729A3040800742BC9 /* loginViewUITests.swift in Sources */,
				3B766CB929A3040800742BC9 /* loginViewUITestsLaunchTests.swift in Sources */,
			);
			runOnlyForDeploymentPostprocessing = 0;
		};
/* End PBXSourcesBuildPhase section */

/* Begin PBXTargetDependency section */
		3B766CAA29A3040800742BC9 /* PBXTargetDependency */ = {
			isa = PBXTargetDependency;
			target = 3B766C9629A3040700742BC9 /* loginView */;
			targetProxy = 3B766CA929A3040800742BC9 /* PBXContainerItemProxy */;
		};
		3B766CB429A3040800742BC9 /* PBXTargetDependency */ = {
			isa = PBXTargetDependency;
			target = 3B766C9629A3040700742BC9 /* loginView */;
			targetProxy = 3B766CB329A3040800742BC9 /* PBXContainerItemProxy */;
		};
/* End PBXTargetDependency section */

/* Begin XCBuildConfiguration section */
		3B766CBA29A3040800742BC9 /* Debug */ = {
			isa = XCBuildConfiguration;
			buildSettings = {
				ALWAYS_SEARCH_USER_PATHS = NO;
				CLANG_ANALYZER_NONNULL = YES;
				CLANG_ANALYZER_NUMBER_OBJECT_CONVERSION = YES_AGGRESSIVE;
				CLANG_CXX_LANGUAGE_STANDARD = "gnu++20";
				CLANG_ENABLE_MODULES = YES;
				CLANG_ENABLE_OBJC_ARC = YES;
				CLANG_ENABLE_OBJC_WEAK = YES;
				CLANG_WARN_BLOCK_CAPTURE_AUTORELEASING = YES;
				CLANG_WARN_BOOL_CONVERSION = YES;
				CLANG_WARN_COMMA = YES;
				CLANG_WARN_CONSTANT_CONVERSION = YES;
				CLANG_WARN_DEPRECATED_OBJC_IMPLEMENTATIONS = YES;
				CLANG_WARN_DIRECT_OBJC_ISA_USAGE = YES_ERROR;
				CLANG_WARN_DOCUMENTATION_COMMENTS = YES;
				CLANG_WARN_EMPTY_BODY = YES;
				CLANG_WARN_ENUM_CONVERSION = YES;
				CLANG_WARN_INFINITE_RECURSION = YES;
				CLANG_WARN_INT_CONVERSION = YES;
				CLANG_WARN_NON_LITERAL_NULL_CONVERSION = YES;
				CLANG_WARN_OBJC_IMPLICIT_RETAIN_SELF = YES;
				CLANG_WARN_OBJC_LITERAL_CONVERSION = YES;
				CLANG_WARN_OBJC_ROOT_CLASS = YES_ERROR;
				CLANG_WARN_QUOTED_INCLUDE_IN_FRAMEWORK_HEADER = YES;
				CLANG_WARN_RANGE_LOOP_ANALYSIS = YES;
				CLANG_WARN_STRICT_PROTOTYPES = YES;
				CLANG_WARN_SUSPICIOUS_MOVE = YES;
				CLANG_WARN_UNGUARDED_AVAILABILITY = YES_AGGRESSIVE;
				CLANG_WARN_UNREACHABLE_CODE = YES;
				CLANG_WARN__DUPLICATE_METHOD_MATCH = YES;
				COPY_PHASE_STRIP = NO;
				DEBUG_INFORMATION_FORMAT = dwarf;
				ENABLE_STRICT_OBJC_MSGSEND = YES;
				ENABLE_TESTABILITY = YES;
				GCC_C_LANGUAGE_STANDARD = gnu11;
				GCC_DYNAMIC_NO_PIC = NO;
				GCC_NO_COMMON_BLOCKS = YES;
				GCC_OPTIMIZATION_LEVEL = 0;
				GCC_PREPROCESSOR_DEFINITIONS = (
					"DEBUG=1",
					"$(inherited)",
				);
				GCC_WARN_64_TO_32_BIT_CONVERSION = YES;
				GCC_WARN_ABOUT_RETURN_TYPE = YES_ERROR;
				GCC_WARN_UNDECLARED_SELECTOR = YES;
				GCC_WARN_UNINITIALIZED_AUTOS = YES_AGGRESSIVE;
				GCC_WARN_UNUSED_FUNCTION = YES;
				GCC_WARN_UNUSED_VARIABLE = YES;
				MTL_ENABLE_DEBUG_INFO = INCLUDE_SOURCE;
				MTL_FAST_MATH = YES;
				ONLY_ACTIVE_ARCH = YES;
				SWIFT_ACTIVE_COMPILATION_CONDITIONS = DEBUG;
				SWIFT_OPTIMIZATION_LEVEL = "-Onone";
			};
			name = Debug;
		};
		3B766CBB29A3040800742BC9 /* Release */ = {
			isa = XCBuildConfiguration;
			buildSettings = {
				ALWAYS_SEARCH_USER_PATHS = NO;
				CLANG_ANALYZER_NONNULL = YES;
				CLANG_ANALYZER_NUMBER_OBJECT_CONVERSION = YES_AGGRESSIVE;
				CLANG_CXX_LANGUAGE_STANDARD = "gnu++20";
				CLANG_ENABLE_MODULES = YES;
				CLANG_ENABLE_OBJC_ARC = YES;
				CLANG_ENABLE_OBJC_WEAK = YES;
				CLANG_WARN_BLOCK_CAPTURE_AUTORELEASING = YES;
				CLANG_WARN_BOOL_CONVERSION = YES;
				CLANG_WARN_COMMA = YES;
				CLANG_WARN_CONSTANT_CONVERSION = YES;
				CLANG_WARN_DEPRECATED_OBJC_IMPLEMENTATIONS = YES;
				CLANG_WARN_DIRECT_OBJC_ISA_USAGE = YES_ERROR;
				CLANG_WARN_DOCUMENTATION_COMMENTS = YES;
				CLANG_WARN_EMPTY_BODY = YES;
				CLANG_WARN_ENUM_CONVERSION = YES;
				CLANG_WARN_INFINITE_RECURSION = YES;
				CLANG_WARN_INT_CONVERSION = YES;
				CLANG_WARN_NON_LITERAL_NULL_CONVERSION = YES;
				CLANG_WARN_OBJC_IMPLICIT_RETAIN_SELF = YES;
				CLANG_WARN_OBJC_LITERAL_CONVERSION = YES;
				CLANG_WARN_OBJC_ROOT_CLASS = YES_ERROR;
				CLANG_WARN_QUOTED_INCLUDE_IN_FRAMEWORK_HEADER = YES;
				CLANG_WARN_RANGE_LOOP_ANALYSIS = YES;
				CLANG_WARN_STRICT_PROTOTYPES = YES;
				CLANG_WARN_SUSPICIOUS_MOVE = YES;
				CLANG_WARN_UNGUARDED_AVAILABILITY = YES_AGGRESSIVE;
				CLANG_WARN_UNREACHABLE_CODE = YES;
				CLANG_WARN__DUPLICATE_METHOD_MATCH = YES;
				COPY_PHASE_STRIP = NO;
				DEBUG_INFORMATION_FORMAT = "dwarf-with-dsym";
				ENABLE_NS_ASSERTIONS = NO;
				ENABLE_STRICT_OBJC_MSGSEND = YES;
				GCC_C_LANGUAGE_STANDARD = gnu11;
				GCC_NO_COMMON_BLOCKS = YES;
				GCC_WARN_64_TO_32_BIT_CONVERSION = YES;
				GCC_WARN_ABOUT_RETURN_TYPE = YES_ERROR;
				GCC_WARN_UNDECLARED_SELECTOR = YES;
				GCC_WARN_UNINITIALIZED_AUTOS = YES_AGGRESSIVE;
				GCC_WARN_UNUSED_FUNCTION = YES;
				GCC_WARN_UNUSED_VARIABLE = YES;
				MTL_ENABLE_DEBUG_INFO = NO;
				MTL_FAST_MATH = YES;
				SWIFT_COMPILATION_MODE = wholemodule;
				SWIFT_OPTIMIZATION_LEVEL = "-O";
			};
			name = Release;
		};
		3B766CBD29A3040800742BC9 /* Debug */ = {
			isa = XCBuildConfiguration;
			buildSettings = {
				ASSETCATALOG_COMPILER_APPICON_NAME = AppIcon;
				ASSETCATALOG_COMPILER_GLOBAL_ACCENT_COLOR_NAME = AccentColor;
				CODE_SIGN_ENTITLEMENTS = loginView/loginView.entitlements;
				CODE_SIGN_STYLE = Automatic;
				CURRENT_PROJECT_VERSION = 1;
				DEVELOPMENT_ASSET_PATHS = "\"loginView/Preview Content\"";
				DEVELOPMENT_TEAM = MX3FJA9996;
				ENABLE_HARDENED_RUNTIME = YES;
				ENABLE_PREVIEWS = YES;
				GENERATE_INFOPLIST_FILE = YES;
				"INFOPLIST_KEY_UIApplicationSceneManifest_Generation[sdk=iphoneos*]" = YES;
				"INFOPLIST_KEY_UIApplicationSceneManifest_Generation[sdk=iphonesimulator*]" = YES;
				"INFOPLIST_KEY_UIApplicationSupportsIndirectInputEvents[sdk=iphoneos*]" = YES;
				"INFOPLIST_KEY_UIApplicationSupportsIndirectInputEvents[sdk=iphonesimulator*]" = YES;
				"INFOPLIST_KEY_UILaunchScreen_Generation[sdk=iphoneos*]" = YES;
				"INFOPLIST_KEY_UILaunchScreen_Generation[sdk=iphonesimulator*]" = YES;
				"INFOPLIST_KEY_UIStatusBarStyle[sdk=iphoneos*]" = UIStatusBarStyleDefault;
				"INFOPLIST_KEY_UIStatusBarStyle[sdk=iphonesimulator*]" = UIStatusBarStyleDefault;
				INFOPLIST_KEY_UISupportedInterfaceOrientations_iPad = "UIInterfaceOrientationPortrait UIInterfaceOrientationPortraitUpsideDown UIInterfaceOrientationLandscapeLeft UIInterfaceOrientationLandscapeRight";
				INFOPLIST_KEY_UISupportedInterfaceOrientations_iPhone = "UIInterfaceOrientationPortrait UIInterfaceOrientationLandscapeLeft UIInterfaceOrientationLandscapeRight";
				IPHONEOS_DEPLOYMENT_TARGET = 16.2;
				LD_RUNPATH_SEARCH_PATHS = "@executable_path/Frameworks";
				"LD_RUNPATH_SEARCH_PATHS[sdk=macosx*]" = "@executable_path/../Frameworks";
				MACOSX_DEPLOYMENT_TARGET = 13.1;
				MARKETING_VERSION = 1.0;
				PRODUCT_BUNDLE_IDENTIFIER = heon.loginView;
				PRODUCT_NAME = "$(TARGET_NAME)";
				SDKROOT = auto;
				SUPPORTED_PLATFORMS = "iphoneos iphonesimulator macosx";
				SWIFT_EMIT_LOC_STRINGS = YES;
				SWIFT_VERSION = 5.0;
				TARGETED_DEVICE_FAMILY = "1,2";
			};
			name = Debug;
		};
		3B766CBE29A3040800742BC9 /* Release */ = {
			isa = XCBuildConfiguration;
			buildSettings = {
				ASSETCATALOG_COMPILER_APPICON_NAME = AppIcon;
				ASSETCATALOG_COMPILER_GLOBAL_ACCENT_COLOR_NAME = AccentColor;
				CODE_SIGN_ENTITLEMENTS = loginView/loginView.entitlements;
				CODE_SIGN_STYLE = Automatic;
				CURRENT_PROJECT_VERSION = 1;
				DEVELOPMENT_ASSET_PATHS = "\"loginView/Preview Content\"";
				DEVELOPMENT_TEAM = MX3FJA9996;
				ENABLE_HARDENED_RUNTIME = YES;
				ENABLE_PREVIEWS = YES;
				GENERATE_INFOPLIST_FILE = YES;
				"INFOPLIST_KEY_UIApplicationSceneManifest_Generation[sdk=iphoneos*]" = YES;
				"INFOPLIST_KEY_UIApplicationSceneManifest_Generation[sdk=iphonesimulator*]" = YES;
				"INFOPLIST_KEY_UIApplicationSupportsIndirectInputEvents[sdk=iphoneos*]" = YES;
				"INFOPLIST_KEY_UIApplicationSupportsIndirectInputEvents[sdk=iphonesimulator*]" = YES;
				"INFOPLIST_KEY_UILaunchScreen_Generation[sdk=iphoneos*]" = YES;
				"INFOPLIST_KEY_UILaunchScreen_Generation[sdk=iphonesimulator*]" = YES;
				"INFOPLIST_KEY_UIStatusBarStyle[sdk=iphoneos*]" = UIStatusBarStyleDefault;
				"INFOPLIST_KEY_UIStatusBarStyle[sdk=iphonesimulator*]" = UIStatusBarStyleDefault;
				INFOPLIST_KEY_UISupportedInterfaceOrientations_iPad = "UIInterfaceOrientationPortrait UIInterfaceOrientationPortraitUpsideDown UIInterfaceOrientationLandscapeLeft UIInterfaceOrientationLandscapeRight";
				INFOPLIST_KEY_UISupportedInterfaceOrientations_iPhone = "UIInterfaceOrientationPortrait UIInterfaceOrientationLandscapeLeft UIInterfaceOrientationLandscapeRight";
				IPHONEOS_DEPLOYMENT_TARGET = 16.2;
				LD_RUNPATH_SEARCH_PATHS = "@executable_path/Frameworks";
				"LD_RUNPATH_SEARCH_PATHS[sdk=macosx*]" = "@executable_path/../Frameworks";
				MACOSX_DEPLOYMENT_TARGET = 13.1;
				MARKETING_VERSION = 1.0;
				PRODUCT_BUNDLE_IDENTIFIER = heon.loginView;
				PRODUCT_NAME = "$(TARGET_NAME)";
				SDKROOT = auto;
				SUPPORTED_PLATFORMS = "iphoneos iphonesimulator macosx";
				SWIFT_EMIT_LOC_STRINGS = YES;
				SWIFT_VERSION = 5.0;
				TARGETED_DEVICE_FAMILY = "1,2";
			};
			name = Release;
		};
		3B766CC029A3040800742BC9 /* Debug */ = {
			isa = XCBuildConfiguration;
			buildSettings = {
				ALWAYS_EMBED_SWIFT_STANDARD_LIBRARIES = YES;
				BUNDLE_LOADER = "$(TEST_HOST)";
				CODE_SIGN_STYLE = Automatic;
				CURRENT_PROJECT_VERSION = 1;
				DEVELOPMENT_TEAM = MX3FJA9996;
				GENERATE_INFOPLIST_FILE = YES;
				IPHONEOS_DEPLOYMENT_TARGET = 16.2;
				MACOSX_DEPLOYMENT_TARGET = 13.1;
				MARKETING_VERSION = 1.0;
				PRODUCT_BUNDLE_IDENTIFIER = heon.loginViewTests;
				PRODUCT_NAME = "$(TARGET_NAME)";
				SDKROOT = auto;
				SUPPORTED_PLATFORMS = "iphoneos iphonesimulator macosx";
				SWIFT_EMIT_LOC_STRINGS = NO;
				SWIFT_VERSION = 5.0;
				TARGETED_DEVICE_FAMILY = "1,2";
				TEST_HOST = "$(BUILT_PRODUCTS_DIR)/loginView.app/$(BUNDLE_EXECUTABLE_FOLDER_PATH)/loginView";
			};
			name = Debug;
		};
		3B766CC129A3040800742BC9 /* Release */ = {
			isa = XCBuildConfiguration;
			buildSettings = {
				ALWAYS_EMBED_SWIFT_STANDARD_LIBRARIES = YES;
				BUNDLE_LOADER = "$(TEST_HOST)";
				CODE_SIGN_STYLE = Automatic;
				CURRENT_PROJECT_VERSION = 1;
				DEVELOPMENT_TEAM = MX3FJA9996;
				GENERATE_INFOPLIST_FILE = YES;
				IPHONEOS_DEPLOYMENT_TARGET = 16.2;
				MACOSX_DEPLOYMENT_TARGET = 13.1;
				MARKETING_VERSION = 1.0;
				PRODUCT_BUNDLE_IDENTIFIER = heon.loginViewTests;
				PRODUCT_NAME = "$(TARGET_NAME)";
				SDKROOT = auto;
				SUPPORTED_PLATFORMS = "iphoneos iphonesimulator macosx";
				SWIFT_EMIT_LOC_STRINGS = NO;
				SWIFT_VERSION = 5.0;
				TARGETED_DEVICE_FAMILY = "1,2";
				TEST_HOST = "$(BUILT_PRODUCTS_DIR)/loginView.app/$(BUNDLE_EXECUTABLE_FOLDER_PATH)/loginView";
			};
			name = Release;
		};
		3B766CC329A3040800742BC9 /* Debug */ = {
			isa = XCBuildConfiguration;
			buildSettings = {
				ALWAYS_EMBED_SWIFT_STANDARD_LIBRARIES = YES;
				CODE_SIGN_STYLE = Automatic;
				CURRENT_PROJECT_VERSION = 1;
				DEVELOPMENT_TEAM = MX3FJA9996;
				GENERATE_INFOPLIST_FILE = YES;
				IPHONEOS_DEPLOYMENT_TARGET = 16.2;
				MACOSX_DEPLOYMENT_TARGET = 13.1;
				MARKETING_VERSION = 1.0;
				PRODUCT_BUNDLE_IDENTIFIER = heon.loginViewUITests;
				PRODUCT_NAME = "$(TARGET_NAME)";
				SDKROOT = auto;
				SUPPORTED_PLATFORMS = "iphoneos iphonesimulator macosx";
				SWIFT_EMIT_LOC_STRINGS = NO;
				SWIFT_VERSION = 5.0;
				TARGETED_DEVICE_FAMILY = "1,2";
				TEST_TARGET_NAME = loginView;
			};
			name = Debug;
		};
		3B766CC429A3040800742BC9 /* Release */ = {
			isa = XCBuildConfiguration;
			buildSettings = {
				ALWAYS_EMBED_SWIFT_STANDARD_LIBRARIES = YES;
				CODE_SIGN_STYLE = Automatic;
				CURRENT_PROJECT_VERSION = 1;
				DEVELOPMENT_TEAM = MX3FJA9996;
				GENERATE_INFOPLIST_FILE = YES;
				IPHONEOS_DEPLOYMENT_TARGET = 16.2;
				MACOSX_DEPLOYMENT_TARGET = 13.1;
				MARKETING_VERSION = 1.0;
				PRODUCT_BUNDLE_IDENTIFIER = heon.loginViewUITests;
				PRODUCT_NAME = "$(TARGET_NAME)";
				SDKROOT = auto;
				SUPPORTED_PLATFORMS = "iphoneos iphonesimulator macosx";
				SWIFT_EMIT_LOC_STRINGS = NO;
				SWIFT_VERSION = 5.0;
				TARGETED_DEVICE_FAMILY = "1,2";
				TEST_TARGET_NAME = loginView;
			};
			name = Release;
		};
/* End XCBuildConfiguration section */

/* Begin XCConfigurationList section */
		3B766C9229A3040700742BC9 /* Build configuration list for PBXProject "loginView" */ = {
			isa = XCConfigurationList;
			buildConfigurations = (
				3B766CBA29A3040800742BC9 /* Debug */,
				3B766CBB29A3040800742BC9 /* Release */,
			);
			defaultConfigurationIsVisible = 0;
			defaultConfigurationName = Release;
		};
		3B766CBC29A3040800742BC9 /* Build configuration list for PBXNativeTarget "loginView" */ = {
			isa = XCConfigurationList;
			buildConfigurations = (
				3B766CBD29A3040800742BC9 /* Debug */,
				3B766CBE29A3040800742BC9 /* Release */,
			);
			defaultConfigurationIsVisible = 0;
			defaultConfigurationName = Release;
		};
		3B766CBF29A3040800742BC9 /* Build configuration list for PBXNativeTarget "loginViewTests" */ = {
			isa = XCConfigurationList;
			buildConfigurations = (
				3B766CC029A3040800742BC9 /* Debug */,
				3B766CC129A3040800742BC9 /* Release */,
			);
			defaultConfigurationIsVisible = 0;
			defaultConfigurationName = Release;
		};
		3B766CC229A3040800742BC9 /* Build configuration list for PBXNativeTarget "loginViewUITests" */ = {
			isa = XCConfigurationList;
			buildConfigurations = (
				3B766CC329A3040800742BC9 /* Debug */,
				3B766CC429A3040800742BC9 /* Release */,
			);
			defaultConfigurationIsVisible = 0;
			defaultConfigurationName = Release;
		};
/* End XCConfigurationList section */
	};
	rootObject = 3B766C8F29A3040700742BC9 /* Project object */;
}
